<Solution>
  <Folder Name="/src/">
    <Project Path="src/FinNavis.Application/FinNavis.Application.csproj" />
    <Project Path="src/FinNavis.Domain/FinNavis.Domain.csproj" />
    <Project Path="src/FinNavis.Infrastructure/FinNavis.Infrastructure.csproj" />
    <Project Path="src/FinNavis.Presentation/FinNavis.Presentation.csproj" />
  </Folder>
  <Folder Name="/tests/">
    <Project Path="tests/FinNavis.Application.UnitTests/FinNavis.Application.UnitTests.csproj" />
    <Project Path="tests/FinNavis.Domain.UnitTests/FinNavis.Domain.UnitTests.csproj" />
    <Project Path="tests/FinNavis.Infrastructure.IntegrationTests/FinNavis.Infrastructure.IntegrationTests.csproj" />
  </Folder>
</Solution>
